{
  "name": "genjiball-ce",
  "version": "1.3.3",
  "lockfileVersion": 3,
  "requires": true,
  "packages": {
    "": {
      "name": "genjiball-ce",
      "version": "1.3.3",
      "devDependencies": {
        "overpy": "9.7.16"
      }
    },
    "node_modules/overpy": {
      "version": "9.7.16",
      "resolved": "https://registry.npmjs.org/overpy/-/overpy-9.7.16.tgz",
      "integrity": "sha512-qd76KnBeNdplXeh2gRef7Y8XBT8kuxF7nNM1APVWSl968UA7CaVr8qTwcZFsjGY6/h0xjgEVGCMeFG6nuJBl4A==",
      "dev": true,
      "bin": {
        "overpy": "cli.js"
      }
    }
  }
}
